
Microsoft Visual Studio Solution File, Format Version 12.00
# Visual Studio Version 17
VisualStudioVersion = 17.8.34511.84
MinimumVisualStudioVersion = 10.0.40219.1
Project("{FAE04EC0-301F-11D3-BF4B-00C04F79EFBC}") = "ConsoleApp5", "ConsoleApp5.csproj", "{EB72179A-D548-46A1-991C-4844E5B7AE9E}"
EndProject
Global
	GlobalSection(SolutionConfigurationPlatforms) = preSolution
		Debug|Any CPU = Debug|Any CPU
		Release|Any CPU = Release|Any CPU
	EndGlobalSection
	GlobalSection(ProjectConfigurationPlatforms) = postSolution
		{EB72179A-D548-46A1-991C-4844E5B7AE9E}.Debug|Any CPU.ActiveCfg = Debug|Any CPU
		{EB72179A-D548-46A1-991C-4844E5B7AE9E}.Debug|Any CPU.Build.0 = Debug|Any CPU
		{EB72179A-D548-46A1-991C-4844E5B7AE9E}.Release|Any CPU.ActiveCfg = Release|Any CPU
		{EB72179A-D548-46A1-991C-4844E5B7AE9E}.Release|Any CPU.Build.0 = Release|Any CPU
	EndGlobalSection
	GlobalSection(SolutionProperties) = preSolution
		HideSolutionNode = FALSE
	EndGlobalSection
	GlobalSection(ExtensibilityGlobals) = postSolution
		SolutionGuid = {846E43FF-A631-4150-8C7C-8C0980C4911B}
	EndGlobalSection
EndGlobal
